version = 1
revision = 3
requires-python = ">=3.14"

[[package]]
name = "absl-py"
version = "2.4.0"
source = { registry = "https://pypi.org/simple" }
sdist = { url = "https://files.pythonhosted.org/packages/64/c7/8de93764ad66968d19329a7e0c147a2bb3c7054c554d4a119111b8f9440f/absl_py-2.4.0.tar.gz", hash = "sha256:8c6af82722b35cf71e0f4d1d47dcaebfff286e27110a99fc359349b247dfb5d4", size = 116543, upload-time = "2026-01-28T10:17:05.322Z" }
wheels = [
    { url = "https://files.pythonhosted.org/packages/18/a6/907a406bb7d359e6a63f99c313846d9eec4f7e6f7437809e03aa00fa3074/absl_py-2.4.0-py3-none-any.whl", hash = "sha256:88476fd881ca8aab94ffa78b7b6c632a782ab3ba1cd19c9bd423abc4fb4cd28d", size = 135750, upload-time = "2026-01-28T10:17:04.19Z" },
]

[[package]]
name = "eggroll-transformer"
version = "0.1.0"
source = { virtual = "." }
dependencies = [
    { name = "jax", extra = ["cuda12"] },
    { name = "jax-triton" },
    { name = "numpy" },
    { name = "optax" },
    { name = "triton" },
]

[package.metadata]
requires-dist = [
    { name = "jax", extras = ["cuda12"], specifier = ">=0.9.2" },
    { name = "jax-triton", specifier = ">=0.3.1" },
    { name = "numpy", specifier = ">=2.4.3" },
    { name = "optax", specifier = ">=0.2.8" },
    { name = "triton", specifier = ">=3.6.0" },
]

[[package]]
name = "jax"
version = "0.9.2"
source = { registry = "https://pypi.org/simple" }
dependencies = [
    { name = "jaxlib" },
    { name = "ml-dtypes" },
    { name = "numpy" },
    { name = "opt-einsum" },
    { name = "scipy" },
]
sdist = { url = "https://files.pythonhosted.org/packages/92/4c/5aca25abd45fa38dd136e5ae2010376518c67950e1f9408e0c5c93fcf77d/jax-0.9.2.tar.gz", hash = "sha256:42b28017b3e6b57a44b0274cc15f5153239c4873959030399ac1afc009c22365", size = 2662784, upload-time = "2026-03-18T23:28:10.471Z" }
wheels = [
    { url = "https://files.pythonhosted.org/packages/17/9c/e897231c880f69e32251d3b1145894d7a04e4342d9bef8d29644c440d11b/jax-0.9.2-py3-none-any.whl", hash = "sha256:822a8ae155ab42e7bc59f2ae7a28705bcfccb01a7e76abfc8ae996190cdc5598", size = 3099142, upload-time = "2026-03-18T23:25:59.94Z" },
]

[package.optional-dependencies]
cuda12 = [
    { name = "jax-cuda12-plugin", extra = ["with-cuda"] },
    { name = "jaxlib" },
]

[[package]]
name = "jax-cuda12-pjrt"
version = "0.9.2"
source = { registry = "https://pypi.org/simple" }
wheels = [
    { url = "https://files.pythonhosted.org/packages/95/f2/ad78d42f27b5af2c59ba7f5412e625bc852280b78a73273b38a4967d6ee1/jax_cuda12_pjrt-0.9.2-py3-none-manylinux_2_27_aarch64.whl", hash = "sha256:56f4a27e5f19ca914c0f4402539469aa92d01bf71336acd0ed8fddc20a91bc8d", size = 151906408, upload-time = "2026-03-18T23:26:03.302Z" },
    { url = "https://files.pythonhosted.org/packages/d5/06/f097339e873f12f79bc46e15f6e32bba5ab46d62c1a6e25b5e79bc58dbbc/jax_cuda12_pjrt-0.9.2-py3-none-manylinux_2_27_x86_64.whl", hash = "sha256:536a305292276c5745efbba7eb57576849c5a7c77398a3a9e61fd31baf5102f0", size = 157876858, upload-time = "2026-03-18T23:26:08.722Z" },
]

[[package]]
name = "jax-cuda12-plugin"
version = "0.9.2"
source = { registry = "https://pypi.org/simple" }
dependencies = [
    { name = "jax-cuda12-pjrt" },
]
wheels = [
    { url = "https://files.pythonhosted.org/packages/79/25/f9455a5b561704078d19735317879cad063cb32f33e81e17947f6d690605/jax_cuda12_plugin-0.9.2-cp314-cp314-manylinux_2_27_aarch64.whl", hash = "sha256:33212699e1bbb1bed5d2ae14ae9ff72a1eed2d092a51e6abcc0278a6b2b82874", size = 5648216, upload-time = "2026-03-18T23:26:23.82Z" },
    { url = "https://files.pythonhosted.org/packages/d2/a4/b5f7b7e1d1f6c50a1746068daf6b4302ccaf0dfe8b5f3d120c3c06cbca58/jax_cuda12_plugin-0.9.2-cp314-cp314-manylinux_2_27_x86_64.whl", hash = "sha256:5351742c0fcb21da9e094a1965ab20fde525862877f76918a490b1b56664d53a", size = 5657732, upload-time = "2026-03-18T23:26:25.184Z" },
    { url = "https://files.pythonhosted.org/packages/23/af/dd800242f853aa3cd89d37ec56cf31330288b431c04fecb94b3bcfbfe6bd/jax_cuda12_plugin-0.9.2-cp314-cp314t-manylinux_2_27_aarch64.whl", hash = "sha256:918af0e625be922b1da105993f21482add3fad392a6b621d88b58557fa84090d", size = 5662507, upload-time = "2026-03-18T23:26:26.481Z" },
    { url = "https://files.pythonhosted.org/packages/31/5b/063f33441a34afe8c04c27fdfc1a8a240fcae11fb561476bc690f5108584/jax_cuda12_plugin-0.9.2-cp314-cp314t-manylinux_2_27_x86_64.whl", hash = "sha256:cd9a18876f900535c63244cb072944076a39526587582f78de333502135dd42a", size = 5666893, upload-time = "2026-03-18T23:26:28.123Z" },
]

[package.optional-dependencies]
with-cuda = [
    { name = "nvidia-cublas-cu12", marker = "sys_platform == 'linux'" },
    { name = "nvidia-cuda-cupti-cu12", marker = "sys_platform == 'linux'" },
    { name = "nvidia-cuda-nvcc-cu12", marker = "sys_platform == 'linux'" },
    { name = "nvidia-cuda-nvrtc-cu12", marker = "sys_platform == 'linux'" },
    { name = "nvidia-cuda-runtime-cu12", marker = "sys_platform == 'linux'" },
    { name = "nvidia-cudnn-cu12", marker = "sys_platform == 'linux'" },
    { name = "nvidia-cufft-cu12", marker = "sys_platform == 'linux'" },
    { name = "nvidia-cusolver-cu12", marker = "sys_platform == 'linux'" },
    { name = "nvidia-cusparse-cu12", marker = "sys_platform == 'linux'" },
    { name = "nvidia-nccl-cu12", marker = "sys_platform == 'linux'" },
    { name = "nvidia-nvjitlink-cu12", marker = "sys_platform == 'linux'" },
    { name = "nvidia-nvshmem-cu12", marker = "sys_platform == 'linux'" },
]

[[package]]
name = "jax-triton"
version = "0.3.1"
source = { registry = "https://pypi.org/simple" }
dependencies = [
    { name = "absl-py" },
    { name = "jax" },
    { name = "triton" },
]
sdist = { url = "https://files.pythonhosted.org/packages/1f/04/9a54927ffa73c2cce3751391dd7d2f33aa8663c00febcc2a69325c708ba6/jax_triton-0.3.1.tar.gz", hash = "sha256:8ee1e53dfb199f5bebedbe743854f351fc30d931eede82b953c1bbeb9c22e590", size = 16283, upload-time = "2026-02-27T22:49:46.318Z" }
wheels = [
    { url = "https://files.pythonhosted.org/packages/cc/fe/d1784f79ae7a84a809fa1adc8487a399ecfab1066a1dceaf80836fdcbbf3/jax_triton-0.3.1-py3-none-any.whl", hash = "sha256:c25277cb5bd454fd6a524265447f3533cf902cb1ab2b97d91c24f530c4e71024", size = 17379, upload-time = "2026-02-27T22:49:45.317Z" },
]

[[package]]
name = "jaxlib"
version = "0.9.2"
source = { registry = "https://pypi.org/simple" }
dependencies = [
    { name = "ml-dtypes" },
    { name = "numpy" },
    { name = "scipy" },
]
wheels = [
    { url = "https://files.pythonhosted.org/packages/75/06/aa1e2c36db1ed893ea4a89528a9cc8617a31919ffe7307c4f56aaa87e5cc/jaxlib-0.9.2-cp314-cp314-macosx_11_0_arm64.whl", hash = "sha256:bab168d25555464461bd077323484f690c471e69ce8b0c39a39fb81b3e3a8bf0", size = 58776023, upload-time = "2026-03-18T23:27:46.907Z" },
    { url = "https://files.pythonhosted.org/packages/e5/ed/7f2cd3c9d91c95457f503311be4bc648b3a4aa79bfe1c874b16fa54c2207/jaxlib-0.9.2-cp314-cp314-manylinux_2_27_aarch64.whl", hash = "sha256:be4627c42d44add7fe17d284ef579ff8d159e3cb6947f6437758f34177e878e6", size = 77748670, upload-time = "2026-03-18T23:27:50.009Z" },
    { url = "https://files.pythonhosted.org/packages/c0/a1/461f25959e9eb0a46722d00c01cfb1dd82e8889dfa1c228f13e0cfbe948d/jaxlib-0.9.2-cp314-cp314-manylinux_2_27_x86_64.whl", hash = "sha256:3d7151140a4936f3218b2d1b1343dd237bd2865cf51442884b6d82fe884a3de7", size = 83330703, upload-time = "2026-03-18T23:27:54.578Z" },
    { url = "https://files.pythonhosted.org/packages/21/98/34a9d156f61777abd9d4e74781fcd99fcf1bb77533e617c2d0ee1c5602fe/jaxlib-0.9.2-cp314-cp314-win_amd64.whl", hash = "sha256:87bd42c9f18c9cc9a45371d02ecdbdb574ea1e2277149601a92e14a24c4bbc86", size = 65247657, upload-time = "2026-03-18T23:27:57.855Z" },
    { url = "https://files.pythonhosted.org/packages/ea/c9/5653eb4be25a3235be2606e1e8fb28fb8c6f0f48b33b947e47f0dc7e7ec0/jaxlib-0.9.2-cp314-cp314t-macosx_11_0_arm64.whl", hash = "sha256:b8998f9fa6e67bf956044c310023f6a7bbfaa0d8955f11d928404c8f6eb02fcf", size = 58882789, upload-time = "2026-03-18T23:28:00.834Z" },
    { url = "https://files.pythonhosted.org/packages/41/8d/ef12f6a2f158d47480cded343c85078a02e9fc7d4952dafcd95dab6f9127/jaxlib-0.9.2-cp314-cp314t-manylinux_2_27_aarch64.whl", hash = "sha256:35b473df72dbc2cfda0cb1b3de7521a2150a0aa5ef57ed7583eeceb012dc17c0", size = 77850880, upload-time = "2026-03-18T23:28:04.063Z" },
    { url = "https://files.pythonhosted.org/packages/c9/6a/6dff1e6e3f9d918bc777e087091bdefbd7d33328c1d1b152429c6cdcf723/jaxlib-0.9.2-cp314-cp314t-manylinux_2_27_x86_64.whl", hash = "sha256:bbe59bdef668ff5fd998c6d88e8df9a32ab95bec0dea3d2b5f7a11b86a9a6788", size = 83425685, upload-time = "2026-03-18T23:28:07.906Z" },
]

[[package]]
name = "ml-dtypes"
version = "0.5.4"
source = { registry = "https://pypi.org/simple" }
dependencies = [
    { name = "numpy" },
]
sdist = { url = "https://files.pythonhosted.org/packages/0e/4a/c27b42ed9b1c7d13d9ba8b6905dece787d6259152f2309338aed29b2447b/ml_dtypes-0.5.4.tar.gz", hash = "sha256:8ab06a50fb9bf9666dd0fe5dfb4676fa2b0ac0f31ecff72a6c3af8e22c063453", size = 692314, upload-time = "2025-11-17T22:32:31.031Z" }
wheels = [
    { url = "https://files.pythonhosted.org/packages/72/4e/1339dc6e2557a344f5ba5590872e80346f76f6cb2ac3dd16e4666e88818c/ml_dtypes-0.5.4-cp314-cp314-macosx_10_13_universal2.whl", hash = "sha256:2b857d3af6ac0d39db1de7c706e69c7f9791627209c3d6dedbfca8c7e5faec22", size = 673781, upload-time = "2025-11-17T22:32:11.364Z" },
    { url = "https://files.pythonhosted.org/packages/04/f9/067b84365c7e83bda15bba2b06c6ca250ce27b20630b1128c435fb7a09aa/ml_dtypes-0.5.4-cp314-cp314-manylinux_2_27_aarch64.manylinux_2_28_aarch64.whl", hash = "sha256:805cef3a38f4eafae3a5bf9ebdcdb741d0bcfd9e1bd90eb54abd24f928cd2465", size = 5036145, upload-time = "2025-11-17T22:32:12.783Z" },
    { url = "https://files.pythonhosted.org/packages/c6/bb/82c7dcf38070b46172a517e2334e665c5bf374a262f99a283ea454bece7c/ml_dtypes-0.5.4-cp314-cp314-manylinux_2_27_x86_64.manylinux_2_28_x86_64.whl", hash = "sha256:14a4fd3228af936461db66faccef6e4f41c1d82fcc30e9f8d58a08916b1d811f", size = 5010230, upload-time = "2025-11-17T22:32:14.38Z" },
    { url = "https://files.pythonhosted.org/packages/e9/93/2bfed22d2498c468f6bcd0d9f56b033eaa19f33320389314c19ef6766413/ml_dtypes-0.5.4-cp314-cp314-win_amd64.whl", hash = "sha256:8c6a2dcebd6f3903e05d51960a8058d6e131fe69f952a5397e5dbabc841b6d56", size = 221032, upload-time = "2025-11-17T22:32:15.763Z" },
    { url = "https://files.pythonhosted.org/packages/76/a3/9c912fe6ea747bb10fe2f8f54d027eb265db05dfb0c6335e3e063e74e6e8/ml_dtypes-0.5.4-cp314-cp314-win_arm64.whl", hash = "sha256:5a0f68ca8fd8d16583dfa7793973feb86f2fbb56ce3966daf9c9f748f52a2049", size = 163353, upload-time = "2025-11-17T22:32:16.932Z" },
    { url = "https://files.pythonhosted.org/packages/cd/02/48aa7d84cc30ab4ee37624a2fd98c56c02326785750cd212bc0826c2f15b/ml_dtypes-0.5.4-cp314-cp314t-macosx_10_13_universal2.whl", hash = "sha256:bfc534409c5d4b0bf945af29e5d0ab075eae9eecbb549ff8a29280db822f34f9", size = 702085, upload-time = "2025-11-17T22:32:18.175Z" },
    { url = "https://files.pythonhosted.org/packages/5a/e7/85cb99fe80a7a5513253ec7faa88a65306be071163485e9a626fce1b6e84/ml_dtypes-0.5.4-cp314-cp314t-manylinux_2_27_aarch64.manylinux_2_28_aarch64.whl", hash = "sha256:2314892cdc3fcf05e373d76d72aaa15fda9fb98625effa73c1d646f331fcecb7", size = 5355358, upload-time = "2025-11-17T22:32:19.7Z" },
    { url = "https://files.pythonhosted.org/packages/79/2b/a826ba18d2179a56e144aef69e57fb2ab7c464ef0b2111940ee8a3a223a2/ml_dtypes-0.5.4-cp314-cp314t-manylinux_2_27_x86_64.manylinux_2_28_x86_64.whl", hash = "sha256:0d2ffd05a2575b1519dc928c0b93c06339eb67173ff53acb00724502cda231cf", size = 5366332, upload-time = "2025-11-17T22:32:21.193Z" },
    { url = "https://files.pythonhosted.org/packages/84/44/f4d18446eacb20ea11e82f133ea8f86e2bf2891785b67d9da8d0ab0ef525/ml_dtypes-0.5.4-cp314-cp314t-win_amd64.whl", hash = "sha256:4381fe2f2452a2d7589689693d3162e876b3ddb0a832cde7a414f8e1adf7eab1", size = 236612, upload-time = "2025-11-17T22:32:22.579Z" },
    { url = "https://files.pythonhosted.org/packages/ad/3f/3d42e9a78fe5edf792a83c074b13b9b770092a4fbf3462872f4303135f09/ml_dtypes-0.5.4-cp314-cp314t-win_arm64.whl", hash = "sha256:11942cbf2cf92157db91e5022633c0d9474d4dfd813a909383bd23ce828a4b7d", size = 168825, upload-time = "2025-11-17T22:32:23.766Z" },
]

[[package]]
name = "numpy"
version = "2.4.3"
source = { registry = "https://pypi.org/simple" }
sdist = { url = "https://files.pythonhosted.org/packages/10/8b/c265f4823726ab832de836cdd184d0986dcf94480f81e8739692a7ac7af2/numpy-2.4.3.tar.gz", hash = "sha256:483a201202b73495f00dbc83796c6ae63137a9bdade074f7648b3e32613412dd", size = 20727743, upload-time = "2026-03-09T07:58:53.426Z" }
wheels = [
    { url = "https://files.pythonhosted.org/packages/70/ae/3936f79adebf8caf81bd7a599b90a561334a658be4dcc7b6329ebf4ee8de/numpy-2.4.3-cp314-cp314-macosx_10_15_x86_64.whl", hash = "sha256:5884ce5c7acfae1e4e1b6fde43797d10aa506074d25b531b4f54bde33c0c31d4", size = 16664563, upload-time = "2026-03-09T07:57:43.817Z" },
    { url = "https://files.pythonhosted.org/packages/9b/62/760f2b55866b496bb1fa7da2a6db076bef908110e568b02fcfc1422e2a3a/numpy-2.4.3-cp314-cp314-macosx_11_0_arm64.whl", hash = "sha256:297837823f5bc572c5f9379b0c9f3a3365f08492cbdc33bcc3af174372ebb168", size = 14702161, upload-time = "2026-03-09T07:57:46.169Z" },
    { url = "https://files.pythonhosted.org/packages/32/af/a7a39464e2c0a21526fb4fb76e346fb172ebc92f6d1c7a07c2c139cc17b1/numpy-2.4.3-cp314-cp314-macosx_14_0_arm64.whl", hash = "sha256:a111698b4a3f8dcbe54c64a7708f049355abd603e619013c346553c1fd4ca90b", size = 5208738, upload-time = "2026-03-09T07:57:48.506Z" },
    { url = "https://files.pythonhosted.org/packages/29/8c/2a0cf86a59558fa078d83805589c2de490f29ed4fb336c14313a161d358a/numpy-2.4.3-cp314-cp314-macosx_14_0_x86_64.whl", hash = "sha256:4bd4741a6a676770e0e97fe9ab2e51de01183df3dcbcec591d26d331a40de950", size = 6543618, upload-time = "2026-03-09T07:57:50.591Z" },
    { url = "https://files.pythonhosted.org/packages/aa/b8/612ce010c0728b1c363fa4ea3aa4c22fe1c5da1de008486f8c2f5cb92fae/numpy-2.4.3-cp314-cp314-manylinux_2_27_aarch64.manylinux_2_28_aarch64.whl", hash = "sha256:54f29b877279d51e210e0c80709ee14ccbbad647810e8f3d375561c45ef613dd", size = 15680676, upload-time = "2026-03-09T07:57:52.34Z" },
    { url = "https://files.pythonhosted.org/packages/a9/7e/4f120ecc54ba26ddf3dc348eeb9eb063f421de65c05fc961941798feea18/numpy-2.4.3-cp314-cp314-manylinux_2_27_x86_64.manylinux_2_28_x86_64.whl", hash = "sha256:679f2a834bae9020f81534671c56fd0cc76dd7e5182f57131478e23d0dc59e24", size = 16613492, upload-time = "2026-03-09T07:57:54.91Z" },
    { url = "https://files.pythonhosted.org/packages/2c/86/1b6020db73be330c4b45d5c6ee4295d59cfeef0e3ea323959d053e5a6909/numpy-2.4.3-cp314-cp314-musllinux_1_2_aarch64.whl", hash = "sha256:d84f0f881cb2225c2dfd7f78a10a5645d487a496c6668d6cc39f0f114164f3d0", size = 17031789, upload-time = "2026-03-09T07:57:57.641Z" },
    { url = "https://files.pythonhosted.org/packages/07/3a/3b90463bf41ebc21d1b7e06079f03070334374208c0f9a1f05e4ae8455e7/numpy-2.4.3-cp314-cp314-musllinux_1_2_x86_64.whl", hash = "sha256:d213c7e6e8d211888cc359bab7199670a00f5b82c0978b9d1c75baf1eddbeac0", size = 18339941, upload-time = "2026-03-09T07:58:00.577Z" },
    { url = "https://files.pythonhosted.org/packages/a8/74/6d736c4cd962259fd8bae9be27363eb4883a2f9069763747347544c2a487/numpy-2.4.3-cp314-cp314-win32.whl", hash = "sha256:52077feedeff7c76ed7c9f1a0428558e50825347b7545bbb8523da2cd55c547a", size = 6007503, upload-time = "2026-03-09T07:58:03.331Z" },
    { url = "https://files.pythonhosted.org/packages/48/39/c56ef87af669364356bb011922ef0734fc49dad51964568634c72a009488/numpy-2.4.3-cp314-cp314-win_amd64.whl", hash = "sha256:0448e7f9caefb34b4b7dd2b77f21e8906e5d6f0365ad525f9f4f530b13df2afc", size = 12444915, upload-time = "2026-03-09T07:58:06.353Z" },
    { url = "https://files.pythonhosted.org/packages/9d/1f/ab8528e38d295fd349310807496fabb7cf9fe2e1f70b97bc20a483ea9d4a/numpy-2.4.3-cp314-cp314-win_arm64.whl", hash = "sha256:b44fd60341c4d9783039598efadd03617fa28d041fc37d22b62d08f2027fa0e7", size = 10494875, upload-time = "2026-03-09T07:58:08.734Z" },
    { url = "https://files.pythonhosted.org/packages/e6/ef/b7c35e4d5ef141b836658ab21a66d1a573e15b335b1d111d31f26c8ef80f/numpy-2.4.3-cp314-cp314t-macosx_11_0_arm64.whl", hash = "sha256:0a195f4216be9305a73c0e91c9b026a35f2161237cf1c6de9b681637772ea657", size = 14822225, upload-time = "2026-03-09T07:58:11.034Z" },
    { url = "https://files.pythonhosted.org/packages/cd/8d/7730fa9278cf6648639946cc816e7cc89f0d891602584697923375f801ed/numpy-2.4.3-cp314-cp314t-macosx_14_0_arm64.whl", hash = "sha256:cd32fbacb9fd1bf041bf8e89e4576b6f00b895f06d00914820ae06a616bdfef7", size = 5328769, upload-time = "2026-03-09T07:58:13.67Z" },
    { url = "https://files.pythonhosted.org/packages/47/01/d2a137317c958b074d338807c1b6a383406cdf8b8e53b075d804cc3d211d/numpy-2.4.3-cp314-cp314t-macosx_14_0_x86_64.whl", hash = "sha256:2e03c05abaee1f672e9d67bc858f300b5ccba1c21397211e8d77d98350972093", size = 6649461, upload-time = "2026-03-09T07:58:15.912Z" },
    { url = "https://files.pythonhosted.org/packages/5c/34/812ce12bc0f00272a4b0ec0d713cd237cb390666eb6206323d1cc9cedbb2/numpy-2.4.3-cp314-cp314t-manylinux_2_27_aarch64.manylinux_2_28_aarch64.whl", hash = "sha256:7d1ce23cce91fcea443320a9d0ece9b9305d4368875bab09538f7a5b4131938a", size = 15725809, upload-time = "2026-03-09T07:58:17.787Z" },
    { url = "https://files.pythonhosted.org/packages/25/c0/2aed473a4823e905e765fee3dc2cbf504bd3e68ccb1150fbdabd5c39f527/numpy-2.4.3-cp314-cp314t-manylinux_2_27_x86_64.manylinux_2_28_x86_64.whl", hash = "sha256:c59020932feb24ed49ffd03704fbab89f22aa9c0d4b180ff45542fe8918f5611", size = 16655242, upload-time = "2026-03-09T07:58:20.476Z" },
    { url = "https://files.pythonhosted.org/packages/f2/c8/7e052b2fc87aa0e86de23f20e2c42bd261c624748aa8efd2c78f7bb8d8c6/numpy-2.4.3-cp314-cp314t-musllinux_1_2_aarch64.whl", hash = "sha256:9684823a78a6cd6ad7511fc5e25b07947d1d5b5e2812c93fe99d7d4195130720", size = 17080660, upload-time = "2026-03-09T07:58:23.067Z" },
    { url = "https://files.pythonhosted.org/packages/f3/3d/0876746044db2adcb11549f214d104f2e1be00f07a67edbb4e2812094847/numpy-2.4.3-cp314-cp314t-musllinux_1_2_x86_64.whl", hash = "sha256:0200b25c687033316fb39f0ff4e3e690e8957a2c3c8d22499891ec58c37a3eb5", size = 18380384, upload-time = "2026-03-09T07:58:25.839Z" },
    { url = "https://files.pythonhosted.org/packages/07/12/8160bea39da3335737b10308df4f484235fd297f556745f13092aa039d3b/numpy-2.4.3-cp314-cp314t-win32.whl", hash = "sha256:5e10da9e93247e554bb1d22f8edc51847ddd7dde52d85ce31024c1b4312bfba0", size = 6154547, upload-time = "2026-03-09T07:58:28.289Z" },
    { url = "https://files.pythonhosted.org/packages/42/f3/76534f61f80d74cc9cdf2e570d3d4eeb92c2280a27c39b0aaf471eda7b48/numpy-2.4.3-cp314-cp314t-win_amd64.whl", hash = "sha256:45f003dbdffb997a03da2d1d0cb41fbd24a87507fb41605c0420a3db5bd4667b", size = 12633645, upload-time = "2026-03-09T07:58:30.384Z" },
    { url = "https://files.pythonhosted.org/packages/1f/b6/7c0d4334c15983cec7f92a69e8ce9b1e6f31857e5ee3a413ac424e6bd63d/numpy-2.4.3-cp314-cp314t-win_arm64.whl", hash = "sha256:4d382735cecd7bcf090172489a525cd7d4087bc331f7df9f60ddc9a296cf208e", size = 10565454, upload-time = "2026-03-09T07:58:33.031Z" },
]

[[package]]
name = "nvidia-cublas-cu12"
version = "12.9.1.4"
source = { registry = "https://pypi.org/simple" }
wheels = [
    { url = "https://files.pythonhosted.org/packages/82/6c/90d3f532f608a03a13c1d6c16c266ffa3828e8011b1549d3b61db2ad59f5/nvidia_cublas_cu12-12.9.1.4-py3-none-manylinux_2_27_aarch64.whl", hash = "sha256:7a950dae01add3b415a5a5cdc4ec818fb5858263e9cca59004bb99fdbbd3a5d6", size = 575006342, upload-time = "2025-06-05T20:04:16.902Z" },
    { url = "https://files.pythonhosted.org/packages/77/3c/aa88abe01f3be3d1f8f787d1d33dc83e76fec05945f9a28fbb41cfb99cd5/nvidia_cublas_cu12-12.9.1.4-py3-none-manylinux_2_27_x86_64.whl", hash = "sha256:453611eb21a7c1f2c2156ed9f3a45b691deda0440ec550860290dc901af5b4c2", size = 581242350, upload-time = "2025-06-05T20:04:51.979Z" },
]

[[package]]
name = "nvidia-cuda-cccl-cu12"
version = "12.9.27"
source = { registry = "https://pypi.org/simple" }
wheels = [
    { url = "https://files.pythonhosted.org/packages/61/7e/82e49956b046bdc506c789235c587d9b3ef58b8bc1782258c1e247229647/nvidia_cuda_cccl_cu12-12.9.27-py3-none-manylinux2014_aarch64.manylinux_2_17_aarch64.whl", hash = "sha256:d7898b38aa68beaa234d48f0868273702342a196d6e2e9d0ef058dca2390ebea", size = 3152245, upload-time = "2025-05-01T19:32:04.802Z" },
    { url = "https://files.pythonhosted.org/packages/18/2a/d4cd8506d2044e082f8cd921be57392e6a9b5ccd3ffdf050362430a3d5d5/nvidia_cuda_cccl_cu12-12.9.27-py3-none-manylinux2014_x86_64.manylinux_2_17_x86_64.whl", hash = "sha256:37869e17ce2e1ecec6eddf1927cca0f8c34e64fd848d40453df559091e2d7117", size = 3152243, upload-time = "2025-05-01T19:32:13.955Z" },
]

[[package]]
name = "nvidia-cuda-cupti-cu12"
version = "12.9.79"
source = { registry = "https://pypi.org/simple" }
wheels = [
    { url = "https://files.pythonhosted.org/packages/b4/78/351b5c8cdbd9a6b4fb0d6ee73fb176dcdc1b6b6ad47c2ffff5ae8ca4a1f7/nvidia_cuda_cupti_cu12-12.9.79-py3-none-manylinux_2_25_aarch64.whl", hash = "sha256:791853b030602c6a11d08b5578edfb957cadea06e9d3b26adbf8d036135a4afe", size = 10077166, upload-time = "2025-06-05T20:01:01.385Z" },
    { url = "https://files.pythonhosted.org/packages/c1/2e/b84e32197e33f39907b455b83395a017e697c07a449a2b15fd07fc1c9981/nvidia_cuda_cupti_cu12-12.9.79-py3-none-manylinux_2_25_x86_64.whl", hash = "sha256:096bcf334f13e1984ba36685ad4c1d6347db214de03dbb6eebb237b41d9d934f", size = 10814997, upload-time = "2025-06-05T20:01:10.168Z" },
]

[[package]]
name = "nvidia-cuda-nvcc-cu12"
version = "12.9.86"
source = { registry = "https://pypi.org/simple" }
wheels = [
    { url = "https://files.pythonhosted.org/packages/25/48/b54a06168a2190572a312bfe4ce443687773eb61367ced31e064953dd2f7/nvidia_cuda_nvcc_cu12-12.9.86-py3-none-manylinux2010_x86_64.manylinux_2_12_x86_64.whl", hash = "sha256:5d6a0d32fdc7ea39917c20065614ae93add6f577d840233237ff08e9a38f58f0", size = 40546229, upload-time = "2025-06-05T20:01:53.357Z" },
    { url = "https://files.pythonhosted.org/packages/d6/5c/8cc072436787104bbbcbde1f76ab4a0d89e68f7cebc758dd2ad7913a43d0/nvidia_cuda_nvcc_cu12-12.9.86-py3-none-manylinux2014_aarch64.manylinux_2_17_aarch64.whl", hash = "sha256:44e1eca4d08926193a558d2434b1bf83d57b4d5743e0c431c0c83d51da1df62b", size = 39411138, upload-time = "2025-06-05T20:01:43.182Z" },
]

[[package]]
name = "nvidia-cuda-nvrtc-cu12"
version = "12.9.86"
source = { registry = "https://pypi.org/simple" }
wheels = [
    { url = "https://files.pythonhosted.org/packages/b8/85/e4af82cc9202023862090bfca4ea827d533329e925c758f0cde964cb54b7/nvidia_cuda_nvrtc_cu12-12.9.86-py3-none-manylinux2010_x86_64.manylinux_2_12_x86_64.whl", hash = "sha256:210cf05005a447e29214e9ce50851e83fc5f4358df8b453155d5e1918094dcb4", size = 89568129, upload-time = "2025-06-05T20:02:41.973Z" },
    { url = "https://files.pythonhosted.org/packages/64/eb/c2295044b8f3b3b08860e2f6a912b702fc92568a167259df5dddb78f325e/nvidia_cuda_nvrtc_cu12-12.9.86-py3-none-manylinux2014_aarch64.manylinux_2_17_aarch64.whl", hash = "sha256:096d4de6bda726415dfaf3198d4f5c522b8e70139c97feef5cd2ca6d4cd9cead", size = 44528905, upload-time = "2025-06-05T20:02:29.754Z" },
]

[[package]]
name = "nvidia-cuda-runtime-cu12"
version = "12.9.79"
source = { registry = "https://pypi.org/simple" }
wheels = [
    { url = "https://files.pythonhosted.org/packages/bc/e0/0279bd94539fda525e0c8538db29b72a5a8495b0c12173113471d28bce78/nvidia_cuda_runtime_cu12-12.9.79-py3-none-manylinux2014_aarch64.manylinux_2_17_aarch64.whl", hash = "sha256:83469a846206f2a733db0c42e223589ab62fd2fabac4432d2f8802de4bded0a4", size = 3515012, upload-time = "2025-06-05T20:00:35.519Z" },
    { url = "https://files.pythonhosted.org/packages/bc/46/a92db19b8309581092a3add7e6fceb4c301a3fd233969856a8cbf042cd3c/nvidia_cuda_runtime_cu12-12.9.79-py3-none-manylinux2014_x86_64.manylinux_2_17_x86_64.whl", hash = "sha256:25bba2dfb01d48a9b59ca474a1ac43c6ebf7011f1b0b8cc44f54eb6ac48a96c3", size = 3493179, upload-time = "2025-06-05T20:00:53.735Z" },
]

[[package]]
name = "nvidia-cudnn-cu12"
version = "9.20.0.48"
source = { registry = "https://pypi.org/simple" }
dependencies = [
    { name = "nvidia-cublas-cu12" },
]
wheels = [
    { url = "https://files.pythonhosted.org/packages/0c/77/1c382fdc5de163b2ff14d6174d12dc318c0a42302f5e3a4fbc5114ab0501/nvidia_cudnn_cu12-9.20.0.48-py3-none-manylinux_2_27_aarch64.whl", hash = "sha256:d9da9c15344323afae571751393552652c52486eab0b886530997bef664e29de", size = 664659972, upload-time = "2026-03-09T19:27:37.986Z" },
    { url = "https://files.pythonhosted.org/packages/3b/52/94aecda69df65ba1079a8b7dbe84632af5614dc0ed2c733185f6431874e3/nvidia_cudnn_cu12-9.20.0.48-py3-none-manylinux_2_27_x86_64.whl", hash = "sha256:7d7479e1321c7a039b33827f0247791ee1be091759032c1f66a287c4a643396a", size = 657910570, upload-time = "2026-03-09T19:28:58.944Z" },
]

[[package]]
name = "nvidia-cufft-cu12"
version = "11.4.1.4"
source = { registry = "https://pypi.org/simple" }
dependencies = [
    { name = "nvidia-nvjitlink-cu12" },
]
wheels = [
    { url = "https://files.pythonhosted.org/packages/9b/2b/76445b0af890da61b501fde30650a1a4bd910607261b209cccb5235d3daa/nvidia_cufft_cu12-11.4.1.4-py3-none-manylinux2014_aarch64.manylinux_2_17_aarch64.whl", hash = "sha256:1a28c9b12260a1aa7a8fd12f5ebd82d027963d635ba82ff39a1acfa7c4c0fbcf", size = 200822453, upload-time = "2025-06-05T20:05:27.889Z" },
    { url = "https://files.pythonhosted.org/packages/95/f4/61e6996dd20481ee834f57a8e9dca28b1869366a135e0d42e2aa8493bdd4/nvidia_cufft_cu12-11.4.1.4-py3-none-manylinux2014_x86_64.manylinux_2_17_x86_64.whl", hash = "sha256:c67884f2a7d276b4b80eb56a79322a95df592ae5e765cf1243693365ccab4e28", size = 200877592, upload-time = "2025-06-05T20:05:45.862Z" },
]

[[package]]
name = "nvidia-cusolver-cu12"
version = "11.7.5.82"
source = { registry = "https://pypi.org/simple" }
dependencies = [
    { name = "nvidia-cublas-cu12" },
    { name = "nvidia-cusparse-cu12" },
    { name = "nvidia-nvjitlink-cu12" },
]
wheels = [
    { url = "https://files.pythonhosted.org/packages/03/99/686ff9bf3a82a531c62b1a5c614476e8dfa24a9d89067aeedf3592ee4538/nvidia_cusolver_cu12-11.7.5.82-py3-none-manylinux_2_27_aarch64.whl", hash = "sha256:62efa83e4ace59a4c734d052bb72158e888aa7b770e1a5f601682f16fe5b4fd2", size = 337869834, upload-time = "2025-06-05T20:06:53.125Z" },
    { url = "https://files.pythonhosted.org/packages/33/40/79b0c64d44d6c166c0964ec1d803d067f4a145cca23e23925fd351d0e642/nvidia_cusolver_cu12-11.7.5.82-py3-none-manylinux_2_27_x86_64.whl", hash = "sha256:15da72d1340d29b5b3cf3fd100e3cd53421dde36002eda6ed93811af63c40d88", size = 338117415, upload-time = "2025-06-05T20:07:16.809Z" },
]

[[package]]
name = "nvidia-cusparse-cu12"
version = "12.5.10.65"
source = { registry = "https://pypi.org/simple" }
dependencies = [
    { name = "nvidia-nvjitlink-cu12" },
]
wheels = [
    { url = "https://files.pythonhosted.org/packages/5e/6f/8710fbd17cdd1d0fc3fea7d36d5b65ce1933611c31e1861da330206b253a/nvidia_cusparse_cu12-12.5.10.65-py3-none-manylinux2014_aarch64.manylinux_2_17_aarch64.whl", hash = "sha256:221c73e7482dd93eda44e65ce567c031c07e2f93f6fa0ecd3ba876a195023e83", size = 366359408, upload-time = "2025-06-05T20:07:42.501Z" },
    { url = "https://files.pythonhosted.org/packages/12/46/b0fd4b04f86577921feb97d8e2cf028afe04f614d17fb5013de9282c9216/nvidia_cusparse_cu12-12.5.10.65-py3-none-manylinux2014_x86_64.manylinux_2_17_x86_64.whl", hash = "sha256:73060ce019ac064a057267c585bf1fd5a353734151f87472ff02b2c5c9984e78", size = 366465088, upload-time = "2025-06-05T20:08:20.413Z" },
]

[[package]]
name = "nvidia-nccl-cu12"
version = "2.29.7"
source = { registry = "https://pypi.org/simple" }
wheels = [
    { url = "https://files.pythonhosted.org/packages/20/cc/f48875411d1f176bce58e6343fd5d4131fc1db5420719ff25944bdc006c6/nvidia_nccl_cu12-2.29.7-py3-none-manylinux_2_18_aarch64.whl", hash = "sha256:0cf032ee22b560447daf0456108a75e32bd74a4de6c6b64725637a359fa48cd8", size = 293563644, upload-time = "2026-03-03T05:34:46.166Z" },
    { url = "https://files.pythonhosted.org/packages/31/1e/9e366f36efc550f07d6737f199e3f6bffafdf28795d007f10a77dd274f5c/nvidia_nccl_cu12-2.29.7-py3-none-manylinux_2_18_x86_64.whl", hash = "sha256:ecd0a012051abc20c1aa87328841efa8cade3ced65803046e38c2f03c0891fea", size = 293633942, upload-time = "2026-03-03T05:37:05.625Z" },
]

[[package]]
name = "nvidia-nvjitlink-cu12"
version = "12.9.86"
source = { registry = "https://pypi.org/simple" }
wheels = [
    { url = "https://files.pythonhosted.org/packages/46/0c/c75bbfb967457a0b7670b8ad267bfc4fffdf341c074e0a80db06c24ccfd4/nvidia_nvjitlink_cu12-12.9.86-py3-none-manylinux2010_x86_64.manylinux_2_12_x86_64.whl", hash = "sha256:e3f1171dbdc83c5932a45f0f4c99180a70de9bd2718c1ab77d14104f6d7147f9", size = 39748338, upload-time = "2025-06-05T20:10:25.613Z" },
    { url = "https://files.pythonhosted.org/packages/97/bc/2dcba8e70cf3115b400fef54f213bcd6715a3195eba000f8330f11e40c45/nvidia_nvjitlink_cu12-12.9.86-py3-none-manylinux2014_aarch64.manylinux_2_17_aarch64.whl", hash = "sha256:994a05ef08ef4b0b299829cde613a424382aff7efb08a7172c1fa616cc3af2ca", size = 39514880, upload-time = "2025-06-05T20:10:04.89Z" },
]

[[package]]
name = "nvidia-nvshmem-cu12"
version = "3.5.21"
source = { registry = "https://pypi.org/simple" }
dependencies = [
    { name = "nvidia-cuda-cccl-cu12" },
]
wheels = [
    { url = "https://files.pythonhosted.org/packages/4a/0a/8b1fb3d6d4271d3fba11c029c1326c8f3e8c971058d545ecfb428b6e7327/nvidia_nvshmem_cu12-3.5.21-py3-none-manylinux2014_aarch64.manylinux_2_17_aarch64.whl", hash = "sha256:f9c815745f8a10567fbf25d5a1d5079f778d67e94276e585a3706fbda9b490bb", size = 152481001, upload-time = "2026-02-27T00:20:03.191Z" },
    { url = "https://files.pythonhosted.org/packages/44/6a/cf1265d48719852f5144055ff611d9e71678a9b29afb7ace72bf248a0cd8/nvidia_nvshmem_cu12-3.5.21-py3-none-manylinux2014_x86_64.manylinux_2_17_x86_64.whl", hash = "sha256:0e51b52bbd78f8896a7667701ac40e3e7a4f0f80703ccce75b304c18f359d73f", size = 152643745, upload-time = "2026-02-27T00:20:28.003Z" },
]

[[package]]
name = "opt-einsum"
version = "3.4.0"
source = { registry = "https://pypi.org/simple" }
sdist = { url = "https://files.pythonhosted.org/packages/8c/b9/2ac072041e899a52f20cf9510850ff58295003aa75525e58343591b0cbfb/opt_einsum-3.4.0.tar.gz", hash = "sha256:96ca72f1b886d148241348783498194c577fa30a8faac108586b14f1ba4473ac", size = 63004, upload-time = "2024-09-26T14:33:24.483Z" }
wheels = [
    { url = "https://files.pythonhosted.org/packages/23/cd/066e86230ae37ed0be70aae89aabf03ca8d9f39c8aea0dec8029455b5540/opt_einsum-3.4.0-py3-none-any.whl", hash = "sha256:69bb92469f86a1565195ece4ac0323943e83477171b91d24c35afe028a90d7cd", size = 71932, upload-time = "2024-09-26T14:33:23.039Z" },
]

[[package]]
name = "optax"
version = "0.2.8"
source = { registry = "https://pypi.org/simple" }
dependencies = [
    { name = "absl-py" },
    { name = "jax" },
    { name = "jaxlib" },
    { name = "numpy" },
]
sdist = { url = "https://files.pythonhosted.org/packages/8c/f9/e3d11ae6f298ee941a0690e353a323d158ba5dedc436e75621c310845c5c/optax-0.2.8.tar.gz", hash = "sha256:5b225b35066fc3eebaa4d798f1b4173b4d57d1a480610908981f8343b50af0b0", size = 301193, upload-time = "2026-03-20T23:30:05.465Z" }
wheels = [
    { url = "https://files.pythonhosted.org/packages/8a/69/6a93d8600c339d7687a05857c7907bd4dd8cf88691a5ea106d7a50af90a1/optax-0.2.8-py3-none-any.whl", hash = "sha256:e3ca2d36c99daab1800ae9dbc0545034382d6bc780b24d969e1b0df65fa31cb4", size = 402960, upload-time = "2026-03-20T23:30:03.886Z" },
]

[[package]]
name = "scipy"
version = "1.17.1"
source = { registry = "https://pypi.org/simple" }
dependencies = [
    { name = "numpy" },
]
sdist = { url = "https://files.pythonhosted.org/packages/7a/97/5a3609c4f8d58b039179648e62dd220f89864f56f7357f5d4f45c29eb2cc/scipy-1.17.1.tar.gz", hash = "sha256:95d8e012d8cb8816c226aef832200b1d45109ed4464303e997c5b13122b297c0", size = 30573822, upload-time = "2026-02-23T00:26:24.851Z" }
wheels = [
    { url = "https://files.pythonhosted.org/packages/cf/83/333afb452af6f0fd70414dc04f898647ee1423979ce02efa75c3b0f2c28e/scipy-1.17.1-cp314-cp314-macosx_10_14_x86_64.whl", hash = "sha256:a48a72c77a310327f6a3a920092fa2b8fd03d7deaa60f093038f22d98e096717", size = 31584510, upload-time = "2026-02-23T00:21:01.015Z" },
    { url = "https://files.pythonhosted.org/packages/ed/a6/d05a85fd51daeb2e4ea71d102f15b34fedca8e931af02594193ae4fd25f7/scipy-1.17.1-cp314-cp314-macosx_12_0_arm64.whl", hash = "sha256:45abad819184f07240d8a696117a7aacd39787af9e0b719d00285549ed19a1e9", size = 28170131, upload-time = "2026-02-23T00:21:05.888Z" },
    { url = "https://files.pythonhosted.org/packages/db/7b/8624a203326675d7746a254083a187398090a179335b2e4a20e2ddc46e83/scipy-1.17.1-cp314-cp314-macosx_14_0_arm64.whl", hash = "sha256:3fd1fcdab3ea951b610dc4cef356d416d5802991e7e32b5254828d342f7b7e0b", size = 20342032, upload-time = "2026-02-23T00:21:09.904Z" },
    { url = "https://files.pythonhosted.org/packages/c9/35/2c342897c00775d688d8ff3987aced3426858fd89d5a0e26e020b660b301/scipy-1.17.1-cp314-cp314-macosx_14_0_x86_64.whl", hash = "sha256:7bdf2da170b67fdf10bca777614b1c7d96ae3ca5794fd9587dce41eb2966e866", size = 22678766, upload-time = "2026-02-23T00:21:14.313Z" },
    { url = "https://files.pythonhosted.org/packages/ef/f2/7cdb8eb308a1a6ae1e19f945913c82c23c0c442a462a46480ce487fdc0ac/scipy-1.17.1-cp314-cp314-manylinux_2_27_aarch64.manylinux_2_28_aarch64.whl", hash = "sha256:adb2642e060a6549c343603a3851ba76ef0b74cc8c079a9a58121c7ec9fe2350", size = 32957007, upload-time = "2026-02-23T00:21:19.663Z" },
    { url = "https://files.pythonhosted.org/packages/0b/2e/7eea398450457ecb54e18e9d10110993fa65561c4f3add5e8eccd2b9cd41/scipy-1.17.1-cp314-cp314-manylinux_2_27_x86_64.manylinux_2_28_x86_64.whl", hash = "sha256:eee2cfda04c00a857206a4330f0c5e3e56535494e30ca445eb19ec624ae75118", size = 35221333, upload-time = "2026-02-23T00:21:25.278Z" },
    { url = "https://files.pythonhosted.org/packages/d9/77/5b8509d03b77f093a0d52e606d3c4f79e8b06d1d38c441dacb1e26cacf46/scipy-1.17.1-cp314-cp314-musllinux_1_2_aarch64.whl", hash = "sha256:d2650c1fb97e184d12d8ba010493ee7b322864f7d3d00d3f9bb97d9c21de4068", size = 35042066, upload-time = "2026-02-23T00:21:31.358Z" },
    { url = "https://files.pythonhosted.org/packages/f9/df/18f80fb99df40b4070328d5ae5c596f2f00fffb50167e31439e932f29e7d/scipy-1.17.1-cp314-cp314-musllinux_1_2_x86_64.whl", hash = "sha256:08b900519463543aa604a06bec02461558a6e1cef8fdbb8098f77a48a83c8118", size = 37612763, upload-time = "2026-02-23T00:21:37.247Z" },
    { url = "https://files.pythonhosted.org/packages/4b/39/f0e8ea762a764a9dc52aa7dabcfad51a354819de1f0d4652b6a1122424d6/scipy-1.17.1-cp314-cp314-win_amd64.whl", hash = "sha256:3877ac408e14da24a6196de0ddcace62092bfc12a83823e92e49e40747e52c19", size = 37290984, upload-time = "2026-02-23T00:22:35.023Z" },
    { url = "https://files.pythonhosted.org/packages/7c/56/fe201e3b0f93d1a8bcf75d3379affd228a63d7e2d80ab45467a74b494947/scipy-1.17.1-cp314-cp314-win_arm64.whl", hash = "sha256:f8885db0bc2bffa59d5c1b72fad7a6a92d3e80e7257f967dd81abb553a90d293", size = 25192877, upload-time = "2026-02-23T00:22:39.798Z" },
    { url = "https://files.pythonhosted.org/packages/96/ad/f8c414e121f82e02d76f310f16db9899c4fcde36710329502a6b2a3c0392/scipy-1.17.1-cp314-cp314t-macosx_10_14_x86_64.whl", hash = "sha256:1cc682cea2ae55524432f3cdff9e9a3be743d52a7443d0cba9017c23c87ae2f6", size = 31949750, upload-time = "2026-02-23T00:21:42.289Z" },
    { url = "https://files.pythonhosted.org/packages/7c/b0/c741e8865d61b67c81e255f4f0a832846c064e426636cd7de84e74d209be/scipy-1.17.1-cp314-cp314t-macosx_12_0_arm64.whl", hash = "sha256:2040ad4d1795a0ae89bfc7e8429677f365d45aa9fd5e4587cf1ea737f927b4a1", size = 28585858, upload-time = "2026-02-23T00:21:47.706Z" },
    { url = "https://files.pythonhosted.org/packages/ed/1b/3985219c6177866628fa7c2595bfd23f193ceebbe472c98a08824b9466ff/scipy-1.17.1-cp314-cp314t-macosx_14_0_arm64.whl", hash = "sha256:131f5aaea57602008f9822e2115029b55d4b5f7c070287699fe45c661d051e39", size = 20757723, upload-time = "2026-02-23T00:21:52.039Z" },
    { url = "https://files.pythonhosted.org/packages/c0/19/2a04aa25050d656d6f7b9e7b685cc83d6957fb101665bfd9369ca6534563/scipy-1.17.1-cp314-cp314t-macosx_14_0_x86_64.whl", hash = "sha256:9cdc1a2fcfd5c52cfb3045feb399f7b3ce822abdde3a193a6b9a60b3cb5854ca", size = 23043098, upload-time = "2026-02-23T00:21:56.185Z" },
    { url = "https://files.pythonhosted.org/packages/86/f1/3383beb9b5d0dbddd030335bf8a8b32d4317185efe495374f134d8be6cce/scipy-1.17.1-cp314-cp314t-manylinux_2_27_aarch64.manylinux_2_28_aarch64.whl", hash = "sha256:6e3dcd57ab780c741fde8dc68619de988b966db759a3c3152e8e9142c26295ad", size = 33030397, upload-time = "2026-02-23T00:22:01.404Z" },
    { url = "https://files.pythonhosted.org/packages/41/68/8f21e8a65a5a03f25a79165ec9d2b28c00e66dc80546cf5eb803aeeff35b/scipy-1.17.1-cp314-cp314t-manylinux_2_27_x86_64.manylinux_2_28_x86_64.whl", hash = "sha256:a9956e4d4f4a301ebf6cde39850333a6b6110799d470dbbb1e25326ac447f52a", size = 35281163, upload-time = "2026-02-23T00:22:07.024Z" },
    { url = "https://files.pythonhosted.org/packages/84/8d/c8a5e19479554007a5632ed7529e665c315ae7492b4f946b0deb39870e39/scipy-1.17.1-cp314-cp314t-musllinux_1_2_aarch64.whl", hash = "sha256:a4328d245944d09fd639771de275701ccadf5f781ba0ff092ad141e017eccda4", size = 35116291, upload-time = "2026-02-23T00:22:12.585Z" },
    { url = "https://files.pythonhosted.org/packages/52/52/e57eceff0e342a1f50e274264ed47497b59e6a4e3118808ee58ddda7b74a/scipy-1.17.1-cp314-cp314t-musllinux_1_2_x86_64.whl", hash = "sha256:a77cbd07b940d326d39a1d1b37817e2ee4d79cb30e7338f3d0cddffae70fcaa2", size = 37682317, upload-time = "2026-02-23T00:22:18.513Z" },
    { url = "https://files.pythonhosted.org/packages/11/2f/b29eafe4a3fbc3d6de9662b36e028d5f039e72d345e05c250e121a230dd4/scipy-1.17.1-cp314-cp314t-win_amd64.whl", hash = "sha256:eb092099205ef62cd1782b006658db09e2fed75bffcae7cc0d44052d8aa0f484", size = 37345327, upload-time = "2026-02-23T00:22:24.442Z" },
    { url = "https://files.pythonhosted.org/packages/07/39/338d9219c4e87f3e708f18857ecd24d22a0c3094752393319553096b98af/scipy-1.17.1-cp314-cp314t-win_arm64.whl", hash = "sha256:200e1050faffacc162be6a486a984a0497866ec54149a01270adc8a59b7c7d21", size = 25489165, upload-time = "2026-02-23T00:22:29.563Z" },
]

[[package]]
name = "triton"
version = "3.6.0"
source = { registry = "https://pypi.org/simple" }
wheels = [
    { url = "https://files.pythonhosted.org/packages/49/55/5ecf0dcaa0f2fbbd4420f7ef227ee3cb172e91e5fede9d0ecaddc43363b4/triton-3.6.0-cp314-cp314-manylinux_2_27_aarch64.manylinux_2_28_aarch64.whl", hash = "sha256:ef5523241e7d1abca00f1d240949eebdd7c673b005edbbce0aca95b8191f1d43", size = 176138577, upload-time = "2026-01-20T16:16:25.426Z" },
    { url = "https://files.pythonhosted.org/packages/df/3d/9e7eee57b37c80cec63322c0231bb6da3cfe535a91d7a4d64896fcb89357/triton-3.6.0-cp314-cp314-manylinux_2_27_x86_64.manylinux_2_28_x86_64.whl", hash = "sha256:a17a5d5985f0ac494ed8a8e54568f092f7057ef60e1b0fa09d3fd1512064e803", size = 188273063, upload-time = "2026-01-20T16:01:07.278Z" },
    { url = "https://files.pythonhosted.org/packages/48/db/56ee649cab5eaff4757541325aca81f52d02d4a7cd3506776cad2451e060/triton-3.6.0-cp314-cp314t-manylinux_2_27_aarch64.manylinux_2_28_aarch64.whl", hash = "sha256:0b3a97e8ed304dfa9bd23bb41ca04cdf6b2e617d5e782a8653d616037a5d537d", size = 176274804, upload-time = "2026-01-20T16:16:31.528Z" },
    { url = "https://files.pythonhosted.org/packages/f6/56/6113c23ff46c00aae423333eb58b3e60bdfe9179d542781955a5e1514cb3/triton-3.6.0-cp314-cp314t-manylinux_2_27_x86_64.manylinux_2_28_x86_64.whl", hash = "sha256:46bd1c1af4b6704e554cad2eeb3b0a6513a980d470ccfa63189737340c7746a7", size = 188397994, upload-time = "2026-01-20T16:01:14.236Z" },
]
